// !$*UTF8*$!
{
	archiveVersion = 1;
	classes = {
	};
	objectVersion = 56;
	objects = {

/* Begin PBXBuildFile section */
		3E00D4A42AB366F10024DA16 /* UTOGETHERApp.swift in Sources */ = {isa = PBXBuildFile; fileRef = 3E00D4A32AB366F10024DA16 /* UTOGETHERApp.swift */; };
		3E00D4A62AB366F10024DA16 /* ContentView.swift in Sources */ = {isa = PBXBuildFile; fileRef = 3E00D4A52AB366F10024DA16 /* ContentView.swift */; };
		3E00D4A82AB366F20024DA16 /* Assets.xcassets in Resources */ = {isa = PBXBuildFile; fileRef = 3E00D4A72AB366F20024DA16 /* Assets.xcassets */; };
		3E00D4AB2AB366F20024DA16 /* Preview Assets.xcassets in Resources */ = {isa = PBXBuildFile; fileRef = 3E00D4AA2AB366F20024DA16 /* Preview Assets.xcassets */; };
		3E00D4B52AB366F20024DA16 /* UTOGETHERTests.swift in Sources */ = {isa = PBXBuildFile; fileRef = 3E00D4B42AB366F20024DA16 /* UTOGETHERTests.swift */; };
		3E00D4BF2AB366F20024DA16 /* UTOGETHERUITests.swift in Sources */ = {isa = PBXBuildFile; fileRef = 3E00D4BE2AB366F20024DA16 /* UTOGETHERUITests.swift */; };
		3E00D4C12AB366F20024DA16 /* UTOGETHERUITestsLaunchTests.swift in Sources */ = {isa = PBXBuildFile; fileRef = 3E00D4C02AB366F20024DA16 /* UTOGETHERUITestsLaunchTests.swift */; };
		3E00D4CE2AB367720024DA16 /* BeforeA.swift in Sources */ = {isa = PBXBuildFile; fileRef = 3E00D4CD2AB367720024DA16 /* BeforeA.swift */; };
		3E00D4D02AB367850024DA16 /* BeforeB.swift in Sources */ = {isa = PBXBuildFile; fileRef = 3E00D4CF2AB367850024DA16 /* BeforeB.swift */; };
		3E00D4D22AB367900024DA16 /* columBia Day.swift in Sources */ = {isa = PBXBuildFile; fileRef = 3E00D4D12AB367900024DA16 /* columBia Day.swift */; };
		3E00D4D42AB3679B0024DA16 /* EightView.swift in Sources */ = {isa = PBXBuildFile; fileRef = 3E00D4D32AB3679B0024DA16 /* EightView.swift */; };
		3E00D4D62AB367A50024DA16 /* FiveView.swift in Sources */ = {isa = PBXBuildFile; fileRef = 3E00D4D52AB367A50024DA16 /* FiveView.swift */; };
		3E00D4D82AB367AC0024DA16 /* FourView.swift in Sources */ = {isa = PBXBuildFile; fileRef = 3E00D4D72AB367AC0024DA16 /* FourView.swift */; };
		3E00D4DA2AB367BB0024DA16 /* nAvy Day.swift in Sources */ = {isa = PBXBuildFile; fileRef = 3E00D4D92AB367BB0024DA16 /* nAvy Day.swift */; };
		3E00D4DC2AB367C10024DA16 /* One.swift in Sources */ = {isa = PBXBuildFile; fileRef = 3E00D4DB2AB367C10024DA16 /* One.swift */; };
		3E00D4DE2AB367C90024DA16 /* File.swift in Sources */ = {isa = PBXBuildFile; fileRef = 3E00D4DD2AB367C90024DA16 /* File.swift */; };
		3E00D4E02AB367E30024DA16 /* ProspectDays.swift in Sources */ = {isa = PBXBuildFile; fileRef = 3E00D4DF2AB367E30024DA16 /* ProspectDays.swift */; };
		3E00D4E22AB367EE0024DA16 /* SevenA.swift in Sources */ = {isa = PBXBuildFile; fileRef = 3E00D4E12AB367EE0024DA16 /* SevenA.swift */; };
		3E00D4E42AB367F20024DA16 /* SevenB.swift in Sources */ = {isa = PBXBuildFile; fileRef = 3E00D4E32AB367F20024DA16 /* SevenB.swift */; };
		3E00D4E62AB367F90024DA16 /* SevenC.swift in Sources */ = {isa = PBXBuildFile; fileRef = 3E00D4E52AB367F90024DA16 /* SevenC.swift */; };
		3E00D4E82AB368010024DA16 /* SevenView.swift in Sources */ = {isa = PBXBuildFile; fileRef = 3E00D4E72AB368010024DA16 /* SevenView.swift */; };
		3E00D4EA2AB368080024DA16 /* SixView.swift in Sources */ = {isa = PBXBuildFile; fileRef = 3E00D4E92AB368080024DA16 /* SixView.swift */; };
		3E00D4EC2AB368100024DA16 /* ThreeA.swift in Sources */ = {isa = PBXBuildFile; fileRef = 3E00D4EB2AB368100024DA16 /* ThreeA.swift */; };
		3E00D4EE2AB368170024DA16 /* ThreeB.swift in Sources */ = {isa = PBXBuildFile; fileRef = 3E00D4ED2AB368170024DA16 /* ThreeB.swift */; };
		3E00D4F02AB3681C0024DA16 /* ThreeC.swift in Sources */ = {isa = PBXBuildFile; fileRef = 3E00D4EF2AB3681C0024DA16 /* ThreeC.swift */; };
		3E00D4F22AB368230024DA16 /* TwoView.swift in Sources */ = {isa = PBXBuildFile; fileRef = 3E00D4F12AB368230024DA16 /* TwoView.swift */; };
/* End PBXBuildFile section */

/* Begin PBXContainerItemProxy section */
		3E00D4B12AB366F20024DA16 /* PBXContainerItemProxy */ = {
			isa = PBXContainerItemProxy;
			containerPortal = 3E00D4982AB366F10024DA16 /* Project object */;
			proxyType = 1;
			remoteGlobalIDString = 3E00D49F2AB366F10024DA16;
			remoteInfo = UTOGETHER;
		};
		3E00D4BB2AB366F20024DA16 /* PBXContainerItemProxy */ = {
			isa = PBXContainerItemProxy;
			containerPortal = 3E00D4982AB366F10024DA16 /* Project object */;
			proxyType = 1;
			remoteGlobalIDString = 3E00D49F2AB366F10024DA16;
			remoteInfo = UTOGETHER;
		};
/* End PBXContainerItemProxy section */

/* Begin PBXFileReference section */
		3E00D4A02AB366F10024DA16 /* UTOGETHER.app */ = {isa = PBXFileReference; explicitFileType = wrapper.application; includeInIndex = 0; path = UTOGETHER.app; sourceTree = BUILT_PRODUCTS_DIR; };
		3E00D4A32AB366F10024DA16 /* UTOGETHERApp.swift */ = {isa = PBXFileReference; lastKnownFileType = sourcecode.swift; path = UTOGETHERApp.swift; sourceTree = "<group>"; };
		3E00D4A52AB366F10024DA16 /* ContentView.swift */ = {isa = PBXFileReference; lastKnownFileType = sourcecode.swift; path = ContentView.swift; sourceTree = "<group>"; };
		3E00D4A72AB366F20024DA16 /* Assets.xcassets */ = {isa = PBXFileReference; lastKnownFileType = folder.assetcatalog; path = Assets.xcassets; sourceTree = "<group>"; };
		3E00D4AA2AB366F20024DA16 /* Preview Assets.xcassets */ = {isa = PBXFileReference; lastKnownFileType = folder.assetcatalog; path = "Preview Assets.xcassets"; sourceTree = "<group>"; };
		3E00D4B02AB366F20024DA16 /* UTOGETHERTests.xctest */ = {isa = PBXFileReference; explicitFileType = wrapper.cfbundle; includeInIndex = 0; path = UTOGETHERTests.xctest; sourceTree = BUILT_PRODUCTS_DIR; };
		3E00D4B42AB366F20024DA16 /* UTOGETHERTests.swift */ = {isa = PBXFileReference; lastKnownFileType = sourcecode.swift; path = UTOGETHERTests.swift; sourceTree = "<group>"; };
		3E00D4BA2AB366F20024DA16 /* UTOGETHERUITests.xctest */ = {isa = PBXFileReference; explicitFileType = wrapper.cfbundle; includeInIndex = 0; path = UTOGETHERUITests.xctest; sourceTree = BUILT_PRODUCTS_DIR; };
		3E00D4BE2AB366F20024DA16 /* UTOGETHERUITests.swift */ = {isa = PBXFileReference; lastKnownFileType = sourcecode.swift; path = UTOGETHERUITests.swift; sourceTree = "<group>"; };
		3E00D4C02AB366F20024DA16 /* UTOGETHERUITestsLaunchTests.swift */ = {isa = PBXFileReference; lastKnownFileType = sourcecode.swift; path = UTOGETHERUITestsLaunchTests.swift; sourceTree = "<group>"; };
		3E00D4CD2AB367720024DA16 /* BeforeA.swift */ = {isa = PBXFileReference; lastKnownFileType = sourcecode.swift; path = BeforeA.swift; sourceTree = "<group>"; };
		3E00D4CF2AB367850024DA16 /* BeforeB.swift */ = {isa = PBXFileReference; lastKnownFileType = sourcecode.swift; path = BeforeB.swift; sourceTree = "<group>"; };
		3E00D4D12AB367900024DA16 /* columBia Day.swift */ = {isa = PBXFileReference; lastKnownFileType = sourcecode.swift; path = "columBia Day.swift"; sourceTree = "<group>"; };
		3E00D4D32AB3679B0024DA16 /* EightView.swift */ = {isa = PBXFileReference; lastKnownFileType = sourcecode.swift; path = EightView.swift; sourceTree = "<group>"; };
		3E00D4D52AB367A50024DA16 /* FiveView.swift */ = {isa = PBXFileReference; lastKnownFileType = sourcecode.swift; path = FiveView.swift; sourceTree = "<group>"; };
		3E00D4D72AB367AC0024DA16 /* FourView.swift */ = {isa = PBXFileReference; lastKnownFileType = sourcecode.swift; path = FourView.swift; sourceTree = "<group>"; };
		3E00D4D92AB367BB0024DA16 /* nAvy Day.swift */ = {isa = PBXFileReference; lastKnownFileType = sourcecode.swift; path = "nAvy Day.swift"; sourceTree = "<group>"; };
		3E00D4DB2AB367C10024DA16 /* One.swift */ = {isa = PBXFileReference; lastKnownFileType = sourcecode.swift; path = One.swift; sourceTree = "<group>"; };
		3E00D4DD2AB367C90024DA16 /* File.swift */ = {isa = PBXFileReference; lastKnownFileType = sourcecode.swift; path = File.swift; sourceTree = "<group>"; };
		3E00D4DF2AB367E30024DA16 /* ProspectDays.swift */ = {isa = PBXFileReference; lastKnownFileType = sourcecode.swift; path = ProspectDays.swift; sourceTree = "<group>"; };
		3E00D4E12AB367EE0024DA16 /* SevenA.swift */ = {isa = PBXFileReference; lastKnownFileType = sourcecode.swift; path = SevenA.swift; sourceTree = "<group>"; };
		3E00D4E32AB367F20024DA16 /* SevenB.swift */ = {isa = PBXFileReference; lastKnownFileType = sourcecode.swift; path = SevenB.swift; sourceTree = "<group>"; };
		3E00D4E52AB367F90024DA16 /* SevenC.swift */ = {isa = PBXFileReference; lastKnownFileType = sourcecode.swift; path = SevenC.swift; sourceTree = "<group>"; };
		3E00D4E72AB368010024DA16 /* SevenView.swift */ = {isa = PBXFileReference; lastKnownFileType = sourcecode.swift; path = SevenView.swift; sourceTree = "<group>"; };
		3E00D4E92AB368080024DA16 /* SixView.swift */ = {isa = PBXFileReference; lastKnownFileType = sourcecode.swift; path = SixView.swift; sourceTree = "<group>"; };
		3E00D4EB2AB368100024DA16 /* ThreeA.swift */ = {isa = PBXFileReference; lastKnownFileType = sourcecode.swift; path = ThreeA.swift; sourceTree = "<group>"; };
		3E00D4ED2AB368170024DA16 /* ThreeB.swift */ = {isa = PBXFileReference; lastKnownFileType = sourcecode.swift; path = ThreeB.swift; sourceTree = "<group>"; };
		3E00D4EF2AB3681C0024DA16 /* ThreeC.swift */ = {isa = PBXFileReference; lastKnownFileType = sourcecode.swift; path = ThreeC.swift; sourceTree = "<group>"; };
		3E00D4F12AB368230024DA16 /* TwoView.swift */ = {isa = PBXFileReference; lastKnownFileType = sourcecode.swift; path = TwoView.swift; sourceTree = "<group>"; };
/* End PBXFileReference section */

/* Begin PBXFrameworksBuildPhase section */
		3E00D49D2AB366F10024DA16 /* Frameworks */ = {
			isa = PBXFrameworksBuildPhase;
			buildActionMask = 2147483647;
			files = (
			);
			runOnlyForDeploymentPostprocessing = 0;
		};
		3E00D4AD2AB366F20024DA16 /* Frameworks */ = {
			isa = PBXFrameworksBuildPhase;
			buildActionMask = 2147483647;
			files = (
			);
			runOnlyForDeploymentPostprocessing = 0;
		};
		3E00D4B72AB366F20024DA16 /* Frameworks */ = {
			isa = PBXFrameworksBuildPhase;
			buildActionMask = 2147483647;
			files = (
			);
			runOnlyForDeploymentPostprocessing = 0;
		};
/* End PBXFrameworksBuildPhase section */

/* Begin PBXGroup section */
		3E00D4972AB366F10024DA16 = {
			isa = PBXGroup;
			children = (
				3E00D4A22AB366F10024DA16 /* UTOGETHER */,
				3E00D4B32AB366F20024DA16 /* UTOGETHERTests */,
				3E00D4BD2AB366F20024DA16 /* UTOGETHERUITests */,
				3E00D4A12AB366F10024DA16 /* Products */,
			);
			sourceTree = "<group>";
		};
		3E00D4A12AB366F10024DA16 /* Products */ = {
			isa = PBXGroup;
			children = (
				3E00D4A02AB366F10024DA16 /* UTOGETHER.app */,
				3E00D4B02AB366F20024DA16 /* UTOGETHERTests.xctest */,
				3E00D4BA2AB366F20024DA16 /* UTOGETHERUITests.xctest */,
			);
			name = Products;
			sourceTree = "<group>";
		};
		3E00D4A22AB366F10024DA16 /* UTOGETHER */ = {
			isa = PBXGroup;
			children = (
				3E00D4A32AB366F10024DA16 /* UTOGETHERApp.swift */,
				3E00D4D92AB367BB0024DA16 /* nAvy Day.swift */,
				3E00D4ED2AB368170024DA16 /* ThreeB.swift */,
				3E00D4E12AB367EE0024DA16 /* SevenA.swift */,
				3E00D4E32AB367F20024DA16 /* SevenB.swift */,
				3E00D4F12AB368230024DA16 /* TwoView.swift */,
				3E00D4EF2AB3681C0024DA16 /* ThreeC.swift */,
				3E00D4E72AB368010024DA16 /* SevenView.swift */,
				3E00D4DF2AB367E30024DA16 /* ProspectDays.swift */,
				3E00D4E92AB368080024DA16 /* SixView.swift */,
				3E00D4EB2AB368100024DA16 /* ThreeA.swift */,
				3E00D4D52AB367A50024DA16 /* FiveView.swift */,
				3E00D4E52AB367F90024DA16 /* SevenC.swift */,
				3E00D4CD2AB367720024DA16 /* BeforeA.swift */,
				3E00D4CF2AB367850024DA16 /* BeforeB.swift */,
				3E00D4DD2AB367C90024DA16 /* File.swift */,
				3E00D4DB2AB367C10024DA16 /* One.swift */,
				3E00D4D12AB367900024DA16 /* columBia Day.swift */,
				3E00D4D32AB3679B0024DA16 /* EightView.swift */,
				3E00D4D72AB367AC0024DA16 /* FourView.swift */,
				3E00D4A52AB366F10024DA16 /* ContentView.swift */,
				3E00D4A72AB366F20024DA16 /* Assets.xcassets */,
				3E00D4A92AB366F20024DA16 /* Preview Content */,
			);
			path = UTOGETHER;
			sourceTree = "<group>";
		};
		3E00D4A92AB366F20024DA16 /* Preview Content */ = {
			isa = PBXGroup;
			children = (
				3E00D4AA2AB366F20024DA16 /* Preview Assets.xcassets */,
			);
			path = "Preview Content";
			sourceTree = "<group>";
		};
		3E00D4B32AB366F20024DA16 /* UTOGETHERTests */ = {
			isa = PBXGroup;
			children = (
				3E00D4B42AB366F20024DA16 /* UTOGETHERTests.swift */,
			);
			path = UTOGETHERTests;
			sourceTree = "<group>";
		};
		3E00D4BD2AB366F20024DA16 /* UTOGETHERUITests */ = {
			isa = PBXGroup;
			children = (
				3E00D4BE2AB366F20024DA16 /* UTOGETHERUITests.swift */,
				3E00D4C02AB366F20024DA16 /* UTOGETHERUITestsLaunchTests.swift */,
			);
			path = UTOGETHERUITests;
			sourceTree = "<group>";
		};
/* End PBXGroup section */

/* Begin PBXNativeTarget section */
		3E00D49F2AB366F10024DA16 /* UTOGETHER */ = {
			isa = PBXNativeTarget;
			buildConfigurationList = 3E00D4C42AB366F20024DA16 /* Build configuration list for PBXNativeTarget "UTOGETHER" */;
			buildPhases = (
				3E00D49C2AB366F10024DA16 /* Sources */,
				3E00D49D2AB366F10024DA16 /* Frameworks */,
				3E00D49E2AB366F10024DA16 /* Resources */,
			);
			buildRules = (
			);
			dependencies = (
			);
			name = UTOGETHER;
			productName = UTOGETHER;
			productReference = 3E00D4A02AB366F10024DA16 /* UTOGETHER.app */;
			productType = "com.apple.product-type.application";
		};
		3E00D4AF2AB366F20024DA16 /* UTOGETHERTests */ = {
			isa = PBXNativeTarget;
			buildConfigurationList = 3E00D4C72AB366F20024DA16 /* Build configuration list for PBXNativeTarget "UTOGETHERTests" */;
			buildPhases = (
				3E00D4AC2AB366F20024DA16 /* Sources */,
				3E00D4AD2AB366F20024DA16 /* Frameworks */,
				3E00D4AE2AB366F20024DA16 /* Resources */,
			);
			buildRules = (
			);
			dependencies = (
				3E00D4B22AB366F20024DA16 /* PBXTargetDependency */,
			);
			name = UTOGETHERTests;
			productName = UTOGETHERTests;
			productReference = 3E00D4B02AB366F20024DA16 /* UTOGETHERTests.xctest */;
			productType = "com.apple.product-type.bundle.unit-test";
		};
		3E00D4B92AB366F20024DA16 /* UTOGETHERUITests */ = {
			isa = PBXNativeTarget;
			buildConfigurationList = 3E00D4CA2AB366F20024DA16 /* Build configuration list for PBXNativeTarget "UTOGETHERUITests" */;
			buildPhases = (
				3E00D4B62AB366F20024DA16 /* Sources */,
				3E00D4B72AB366F20024DA16 /* Frameworks */,
				3E00D4B82AB366F20024DA16 /* Resources */,
			);
			buildRules = (
			);
			dependencies = (
				3E00D4BC2AB366F20024DA16 /* PBXTargetDependency */,
			);
			name = UTOGETHERUITests;
			productName = UTOGETHERUITests;
			productReference = 3E00D4BA2AB366F20024DA16 /* UTOGETHERUITests.xctest */;
			productType = "com.apple.product-type.bundle.ui-testing";
		};
/* End PBXNativeTarget section */

/* Begin PBXProject section */
		3E00D4982AB366F10024DA16 /* Project object */ = {
			isa = PBXProject;
			attributes = {
				BuildIndependentTargetsInParallel = 1;
				LastSwiftUpdateCheck = 1430;
				LastUpgradeCheck = 1430;
				TargetAttributes = {
					3E00D49F2AB366F10024DA16 = {
						CreatedOnToolsVersion = 14.3.1;
					};
					3E00D4AF2AB366F20024DA16 = {
						CreatedOnToolsVersion = 14.3.1;
						TestTargetID = 3E00D49F2AB366F10024DA16;
					};
					3E00D4B92AB366F20024DA16 = {
						CreatedOnToolsVersion = 14.3.1;
						TestTargetID = 3E00D49F2AB366F10024DA16;
					};
				};
			};
			buildConfigurationList = 3E00D49B2AB366F10024DA16 /* Build configuration list for PBXProject "UTOGETHER" */;
			compatibilityVersion = "Xcode 14.0";
			developmentRegion = en;
			hasScannedForEncodings = 0;
			knownRegions = (
				en,
				Base,
			);
			mainGroup = 3E00D4972AB366F10024DA16;
			productRefGroup = 3E00D4A12AB366F10024DA16 /* Products */;
			projectDirPath = "";
			projectRoot = "";
			targets = (
				3E00D49F2AB366F10024DA16 /* UTOGETHER */,
				3E00D4AF2AB366F20024DA16 /* UTOGETHERTests */,
				3E00D4B92AB366F20024DA16 /* UTOGETHERUITests */,
			);
		};
/* End PBXProject section */

/* Begin PBXResourcesBuildPhase section */
		3E00D49E2AB366F10024DA16 /* Resources */ = {
			isa = PBXResourcesBuildPhase;
			buildActionMask = 2147483647;
			files = (
				3E00D4AB2AB366F20024DA16 /* Preview Assets.xcassets in Resources */,
				3E00D4A82AB366F20024DA16 /* Assets.xcassets in Resources */,
			);
			runOnlyForDeploymentPostprocessing = 0;
		};
		3E00D4AE2AB366F20024DA16 /* Resources */ = {
			isa = PBXResourcesBuildPhase;
			buildActionMask = 2147483647;
			files = (
			);
			runOnlyForDeploymentPostprocessing = 0;
		};
		3E00D4B82AB366F20024DA16 /* Resources */ = {
			isa = PBXResourcesBuildPhase;
			buildActionMask = 2147483647;
			files = (
			);
			runOnlyForDeploymentPostprocessing = 0;
		};
/* End PBXResourcesBuildPhase section */

/* Begin PBXSourcesBuildPhase section */
		3E00D49C2AB366F10024DA16 /* Sources */ = {
			isa = PBXSourcesBuildPhase;
			buildActionMask = 2147483647;
			files = (
				3E00D4EC2AB368100024DA16 /* ThreeA.swift in Sources */,
				3E00D4D82AB367AC0024DA16 /* FourView.swift in Sources */,
				3E00D4E22AB367EE0024DA16 /* SevenA.swift in Sources */,
				3E00D4D42AB3679B0024DA16 /* EightView.swift in Sources */,
				3E00D4D62AB367A50024DA16 /* FiveView.swift in Sources */,
				3E00D4EE2AB368170024DA16 /* ThreeB.swift in Sources */,
				3E00D4DA2AB367BB0024DA16 /* nAvy Day.swift in Sources */,
				3E00D4F22AB368230024DA16 /* TwoView.swift in Sources */,
				3E00D4E62AB367F90024DA16 /* SevenC.swift in Sources */,
				3E00D4E82AB368010024DA16 /* SevenView.swift in Sources */,
				3E00D4CE2AB367720024DA16 /* BeforeA.swift in Sources */,
				3E00D4F02AB3681C0024DA16 /* ThreeC.swift in Sources */,
				3E00D4D22AB367900024DA16 /* columBia Day.swift in Sources */,
				3E00D4D02AB367850024DA16 /* BeforeB.swift in Sources */,
				3E00D4A62AB366F10024DA16 /* ContentView.swift in Sources */,
				3E00D4DC2AB367C10024DA16 /* One.swift in Sources */,
				3E00D4E42AB367F20024DA16 /* SevenB.swift in Sources */,
				3E00D4DE2AB367C90024DA16 /* File.swift in Sources */,
				3E00D4E02AB367E30024DA16 /* ProspectDays.swift in Sources */,
				3E00D4A42AB366F10024DA16 /* UTOGETHERApp.swift in Sources */,
				3E00D4EA2AB368080024DA16 /* SixView.swift in Sources */,
			);
			runOnlyForDeploymentPostprocessing = 0;
		};
		3E00D4AC2AB366F20024DA16 /* Sources */ = {
			isa = PBXSourcesBuildPhase;
			buildActionMask = 2147483647;
			files = (
				3E00D4B52AB366F20024DA16 /* UTOGETHERTests.swift in Sources */,
			);
			runOnlyForDeploymentPostprocessing = 0;
		};
		3E00D4B62AB366F20024DA16 /* Sources */ = {
			isa = PBXSourcesBuildPhase;
			buildActionMask = 2147483647;
			files = (
				3E00D4C12AB366F20024DA16 /* UTOGETHERUITestsLaunchTests.swift in Sources */,
				3E00D4BF2AB366F20024DA16 /* UTOGETHERUITests.swift in Sources */,
			);
			runOnlyForDeploymentPostprocessing = 0;
		};
/* End PBXSourcesBuildPhase section */

/* Begin PBXTargetDependency section */
		3E00D4B22AB366F20024DA16 /* PBXTargetDependency */ = {
			isa = PBXTargetDependency;
			target = 3E00D49F2AB366F10024DA16 /* UTOGETHER */;
			targetProxy = 3E00D4B12AB366F20024DA16 /* PBXContainerItemProxy */;
		};
		3E00D4BC2AB366F20024DA16 /* PBXTargetDependency */ = {
			isa = PBXTargetDependency;
			target = 3E00D49F2AB366F10024DA16 /* UTOGETHER */;
			targetProxy = 3E00D4BB2AB366F20024DA16 /* PBXContainerItemProxy */;
		};
/* End PBXTargetDependency section */

/* Begin XCBuildConfiguration section */
		3E00D4C22AB366F20024DA16 /* Debug */ = {
			isa = XCBuildConfiguration;
			buildSettings = {
				ALWAYS_SEARCH_USER_PATHS = NO;
				CLANG_ANALYZER_NONNULL = YES;
				CLANG_ANALYZER_NUMBER_OBJECT_CONVERSION = YES_AGGRESSIVE;
				CLANG_CXX_LANGUAGE_STANDARD = "gnu++20";
				CLANG_ENABLE_MODULES = YES;
				CLANG_ENABLE_OBJC_ARC = YES;
				CLANG_ENABLE_OBJC_WEAK = YES;
				CLANG_WARN_BLOCK_CAPTURE_AUTORELEASING = YES;
				CLANG_WARN_BOOL_CONVERSION = YES;
				CLANG_WARN_COMMA = YES;
				CLANG_WARN_CONSTANT_CONVERSION = YES;
				CLANG_WARN_DEPRECATED_OBJC_IMPLEMENTATIONS = YES;
				CLANG_WARN_DIRECT_OBJC_ISA_USAGE = YES_ERROR;
				CLANG_WARN_DOCUMENTATION_COMMENTS = YES;
				CLANG_WARN_EMPTY_BODY = YES;
				CLANG_WARN_ENUM_CONVERSION = YES;
				CLANG_WARN_INFINITE_RECURSION = YES;
				CLANG_WARN_INT_CONVERSION = YES;
				CLANG_WARN_NON_LITERAL_NULL_CONVERSION = YES;
				CLANG_WARN_OBJC_IMPLICIT_RETAIN_SELF = YES;
				CLANG_WARN_OBJC_LITERAL_CONVERSION = YES;
				CLANG_WARN_OBJC_ROOT_CLASS = YES_ERROR;
				CLANG_WARN_QUOTED_INCLUDE_IN_FRAMEWORK_HEADER = YES;
				CLANG_WARN_RANGE_LOOP_ANALYSIS = YES;
				CLANG_WARN_STRICT_PROTOTYPES = YES;
				CLANG_WARN_SUSPICIOUS_MOVE = YES;
				CLANG_WARN_UNGUARDED_AVAILABILITY = YES_AGGRESSIVE;
				CLANG_WARN_UNREACHABLE_CODE = YES;
				CLANG_WARN__DUPLICATE_METHOD_MATCH = YES;
				COPY_PHASE_STRIP = NO;
				DEBUG_INFORMATION_FORMAT = dwarf;
				ENABLE_STRICT_OBJC_MSGSEND = YES;
				ENABLE_TESTABILITY = YES;
				GCC_C_LANGUAGE_STANDARD = gnu11;
				GCC_DYNAMIC_NO_PIC = NO;
				GCC_NO_COMMON_BLOCKS = YES;
				GCC_OPTIMIZATION_LEVEL = 0;
				GCC_PREPROCESSOR_DEFINITIONS = (
					"DEBUG=1",
					"$(inherited)",
				);
				GCC_WARN_64_TO_32_BIT_CONVERSION = YES;
				GCC_WARN_ABOUT_RETURN_TYPE = YES_ERROR;
				GCC_WARN_UNDECLARED_SELECTOR = YES;
				GCC_WARN_UNINITIALIZED_AUTOS = YES_AGGRESSIVE;
				GCC_WARN_UNUSED_FUNCTION = YES;
				GCC_WARN_UNUSED_VARIABLE = YES;
				IPHONEOS_DEPLOYMENT_TARGET = 16.4;
				MTL_ENABLE_DEBUG_INFO = INCLUDE_SOURCE;
				MTL_FAST_MATH = YES;
				ONLY_ACTIVE_ARCH = YES;
				SDKROOT = iphoneos;
				SWIFT_ACTIVE_COMPILATION_CONDITIONS = DEBUG;
				SWIFT_OPTIMIZATION_LEVEL = "-Onone";
			};
			name = Debug;
		};
		3E00D4C32AB366F20024DA16 /* Release */ = {
			isa = XCBuildConfiguration;
			buildSettings = {
				ALWAYS_SEARCH_USER_PATHS = NO;
				CLANG_ANALYZER_NONNULL = YES;
				CLANG_ANALYZER_NUMBER_OBJECT_CONVERSION = YES_AGGRESSIVE;
				CLANG_CXX_LANGUAGE_STANDARD = "gnu++20";
				CLANG_ENABLE_MODULES = YES;
				CLANG_ENABLE_OBJC_ARC = YES;
				CLANG_ENABLE_OBJC_WEAK = YES;
				CLANG_WARN_BLOCK_CAPTURE_AUTORELEASING = YES;
				CLANG_WARN_BOOL_CONVERSION = YES;
				CLANG_WARN_COMMA = YES;
				CLANG_WARN_CONSTANT_CONVERSION = YES;
				CLANG_WARN_DEPRECATED_OBJC_IMPLEMENTATIONS = YES;
				CLANG_WARN_DIRECT_OBJC_ISA_USAGE = YES_ERROR;
				CLANG_WARN_DOCUMENTATION_COMMENTS = YES;
				CLANG_WARN_EMPTY_BODY = YES;
				CLANG_WARN_ENUM_CONVERSION = YES;
				CLANG_WARN_INFINITE_RECURSION = YES;
				CLANG_WARN_INT_CONVERSION = YES;
				CLANG_WARN_NON_LITERAL_NULL_CONVERSION = YES;
				CLANG_WARN_OBJC_IMPLICIT_RETAIN_SELF = YES;
				CLANG_WARN_OBJC_LITERAL_CONVERSION = YES;
				CLANG_WARN_OBJC_ROOT_CLASS = YES_ERROR;
				CLANG_WARN_QUOTED_INCLUDE_IN_FRAMEWORK_HEADER = YES;
				CLANG_WARN_RANGE_LOOP_ANALYSIS = YES;
				CLANG_WARN_STRICT_PROTOTYPES = YES;
				CLANG_WARN_SUSPICIOUS_MOVE = YES;
				CLANG_WARN_UNGUARDED_AVAILABILITY = YES_AGGRESSIVE;
				CLANG_WARN_UNREACHABLE_CODE = YES;
				CLANG_WARN__DUPLICATE_METHOD_MATCH = YES;
				COPY_PHASE_STRIP = NO;
				DEBUG_INFORMATION_FORMAT = "dwarf-with-dsym";
				ENABLE_NS_ASSERTIONS = NO;
				ENABLE_STRICT_OBJC_MSGSEND = YES;
				GCC_C_LANGUAGE_STANDARD = gnu11;
				GCC_NO_COMMON_BLOCKS = YES;
				GCC_WARN_64_TO_32_BIT_CONVERSION = YES;
				GCC_WARN_ABOUT_RETURN_TYPE = YES_ERROR;
				GCC_WARN_UNDECLARED_SELECTOR = YES;
				GCC_WARN_UNINITIALIZED_AUTOS = YES_AGGRESSIVE;
				GCC_WARN_UNUSED_FUNCTION = YES;
				GCC_WARN_UNUSED_VARIABLE = YES;
				IPHONEOS_DEPLOYMENT_TARGET = 16.4;
				MTL_ENABLE_DEBUG_INFO = NO;
				MTL_FAST_MATH = YES;
				SDKROOT = iphoneos;
				SWIFT_COMPILATION_MODE = wholemodule;
				SWIFT_OPTIMIZATION_LEVEL = "-O";
				VALIDATE_PRODUCT = YES;
			};
			name = Release;
		};
		3E00D4C52AB366F20024DA16 /* Debug */ = {
			isa = XCBuildConfiguration;
			buildSettings = {
				ASSETCATALOG_COMPILER_APPICON_NAME = AppIcon;
				ASSETCATALOG_COMPILER_GLOBAL_ACCENT_COLOR_NAME = AccentColor;
				CODE_SIGN_STYLE = Automatic;
				CURRENT_PROJECT_VERSION = 1;
				DEVELOPMENT_ASSET_PATHS = "\"UTOGETHER/Preview Content\"";
				DEVELOPMENT_TEAM = 95M8KZZ2JG;
				ENABLE_PREVIEWS = YES;
				GENERATE_INFOPLIST_FILE = YES;
				INFOPLIST_KEY_UIApplicationSceneManifest_Generation = YES;
				INFOPLIST_KEY_UIApplicationSupportsIndirectInputEvents = YES;
				INFOPLIST_KEY_UILaunchScreen_Generation = YES;
				INFOPLIST_KEY_UISupportedInterfaceOrientations_iPad = "UIInterfaceOrientationPortrait UIInterfaceOrientationPortraitUpsideDown UIInterfaceOrientationLandscapeLeft UIInterfaceOrientationLandscapeRight";
				INFOPLIST_KEY_UISupportedInterfaceOrientations_iPhone = "UIInterfaceOrientationPortrait UIInterfaceOrientationLandscapeLeft UIInterfaceOrientationLandscapeRight";
				LD_RUNPATH_SEARCH_PATHS = (
					"$(inherited)",
					"@executable_path/Frameworks",
				);
				MARKETING_VERSION = 1.0;
				PRODUCT_BUNDLE_IDENTIFIER = Tirth.UTOGETHER;
				PRODUCT_NAME = "$(TARGET_NAME)";
				SWIFT_EMIT_LOC_STRINGS = YES;
				SWIFT_VERSION = 5.0;
				TARGETED_DEVICE_FAMILY = "1,2";
			};
			name = Debug;
		};
		3E00D4C62AB366F20024DA16 /* Release */ = {
			isa = XCBuildConfiguration;
			buildSettings = {
				ASSETCATALOG_COMPILER_APPICON_NAME = AppIcon;
				ASSETCATALOG_COMPILER_GLOBAL_ACCENT_COLOR_NAME = AccentColor;
				CODE_SIGN_STYLE = Automatic;
				CURRENT_PROJECT_VERSION = 1;
				DEVELOPMENT_ASSET_PATHS = "\"UTOGETHER/Preview Content\"";
				DEVELOPMENT_TEAM = 95M8KZZ2JG;
				ENABLE_PREVIEWS = YES;
				GENERATE_INFOPLIST_FILE = YES;
				INFOPLIST_KEY_UIApplicationSceneManifest_Generation = YES;
				INFOPLIST_KEY_UIApplicationSupportsIndirectInputEvents = YES;
				INFOPLIST_KEY_UILaunchScreen_Generation = YES;
				INFOPLIST_KEY_UISupportedInterfaceOrientations_iPad = "UIInterfaceOrientationPortrait UIInterfaceOrientationPortraitUpsideDown UIInterfaceOrientationLandscapeLeft UIInterfaceOrientationLandscapeRight";
				INFOPLIST_KEY_UISupportedInterfaceOrientations_iPhone = "UIInterfaceOrientationPortrait UIInterfaceOrientationLandscapeLeft UIInterfaceOrientationLandscapeRight";
				LD_RUNPATH_SEARCH_PATHS = (
					"$(inherited)",
					"@executable_path/Frameworks",
				);
				MARKETING_VERSION = 1.0;
				PRODUCT_BUNDLE_IDENTIFIER = Tirth.UTOGETHER;
				PRODUCT_NAME = "$(TARGET_NAME)";
				SWIFT_EMIT_LOC_STRINGS = YES;
				SWIFT_VERSION = 5.0;
				TARGETED_DEVICE_FAMILY = "1,2";
			};
			name = Release;
		};
		3E00D4C82AB366F20024DA16 /* Debug */ = {
			isa = XCBuildConfiguration;
			buildSettings = {
				ALWAYS_EMBED_SWIFT_STANDARD_LIBRARIES = YES;
				BUNDLE_LOADER = "$(TEST_HOST)";
				CODE_SIGN_STYLE = Automatic;
				CURRENT_PROJECT_VERSION = 1;
				DEVELOPMENT_TEAM = 95M8KZZ2JG;
				GENERATE_INFOPLIST_FILE = YES;
				IPHONEOS_DEPLOYMENT_TARGET = 16.4;
				MARKETING_VERSION = 1.0;
				PRODUCT_BUNDLE_IDENTIFIER = Tirth.UTOGETHERTests;
				PRODUCT_NAME = "$(TARGET_NAME)";
				SWIFT_EMIT_LOC_STRINGS = NO;
				SWIFT_VERSION = 5.0;
				TARGETED_DEVICE_FAMILY = "1,2";
				TEST_HOST = "$(BUILT_PRODUCTS_DIR)/UTOGETHER.app/$(BUNDLE_EXECUTABLE_FOLDER_PATH)/UTOGETHER";
			};
			name = Debug;
		};
		3E00D4C92AB366F20024DA16 /* Release */ = {
			isa = XCBuildConfiguration;
			buildSettings = {
				ALWAYS_EMBED_SWIFT_STANDARD_LIBRARIES = YES;
				BUNDLE_LOADER = "$(TEST_HOST)";
				CODE_SIGN_STYLE = Automatic;
				CURRENT_PROJECT_VERSION = 1;
				DEVELOPMENT_TEAM = 95M8KZZ2JG;
				GENERATE_INFOPLIST_FILE = YES;
				IPHONEOS_DEPLOYMENT_TARGET = 16.4;
				MARKETING_VERSION = 1.0;
				PRODUCT_BUNDLE_IDENTIFIER = Tirth.UTOGETHERTests;
				PRODUCT_NAME = "$(TARGET_NAME)";
				SWIFT_EMIT_LOC_STRINGS = NO;
				SWIFT_VERSION = 5.0;
				TARGETED_DEVICE_FAMILY = "1,2";
				TEST_HOST = "$(BUILT_PRODUCTS_DIR)/UTOGETHER.app/$(BUNDLE_EXECUTABLE_FOLDER_PATH)/UTOGETHER";
			};
			name = Release;
		};
		3E00D4CB2AB366F20024DA16 /* Debug */ = {
			isa = XCBuildConfiguration;
			buildSettings = {
				ALWAYS_EMBED_SWIFT_STANDARD_LIBRARIES = YES;
				CODE_SIGN_STYLE = Automatic;
				CURRENT_PROJECT_VERSION = 1;
				DEVELOPMENT_TEAM = 95M8KZZ2JG;
				GENERATE_INFOPLIST_FILE = YES;
				MARKETING_VERSION = 1.0;
				PRODUCT_BUNDLE_IDENTIFIER = Tirth.UTOGETHERUITests;
				PRODUCT_NAME = "$(TARGET_NAME)";
				SWIFT_EMIT_LOC_STRINGS = NO;
				SWIFT_VERSION = 5.0;
				TARGETED_DEVICE_FAMILY = "1,2";
				TEST_TARGET_NAME = UTOGETHER;
			};
			name = Debug;
		};
		3E00D4CC2AB366F20024DA16 /* Release */ = {
			isa = XCBuildConfiguration;
			buildSettings = {
				ALWAYS_EMBED_SWIFT_STANDARD_LIBRARIES = YES;
				CODE_SIGN_STYLE = Automatic;
				CURRENT_PROJECT_VERSION = 1;
				DEVELOPMENT_TEAM = 95M8KZZ2JG;
				GENERATE_INFOPLIST_FILE = YES;
				MARKETING_VERSION = 1.0;
				PRODUCT_BUNDLE_IDENTIFIER = Tirth.UTOGETHERUITests;
				PRODUCT_NAME = "$(TARGET_NAME)";
				SWIFT_EMIT_LOC_STRINGS = NO;
				SWIFT_VERSION = 5.0;
				TARGETED_DEVICE_FAMILY = "1,2";
				TEST_TARGET_NAME = UTOGETHER;
			};
			name = Release;
		};
/* End XCBuildConfiguration section */

/* Begin XCConfigurationList section */
		3E00D49B2AB366F10024DA16 /* Build configuration list for PBXProject "UTOGETHER" */ = {
			isa = XCConfigurationList;
			buildConfigurations = (
				3E00D4C22AB366F20024DA16 /* Debug */,
				3E00D4C32AB366F20024DA16 /* Release */,
			);
			defaultConfigurationIsVisible = 0;
			defaultConfigurationName = Release;
		};
		3E00D4C42AB366F20024DA16 /* Build configuration list for PBXNativeTarget "UTOGETHER" */ = {
			isa = XCConfigurationList;
			buildConfigurations = (
				3E00D4C52AB366F20024DA16 /* Debug */,
				3E00D4C62AB366F20024DA16 /* Release */,
			);
			defaultConfigurationIsVisible = 0;
			defaultConfigurationName = Release;
		};
		3E00D4C72AB366F20024DA16 /* Build configuration list for PBXNativeTarget "UTOGETHERTests" */ = {
			isa = XCConfigurationList;
			buildConfigurations = (
				3E00D4C82AB366F20024DA16 /* Debug */,
				3E00D4C92AB366F20024DA16 /* Release */,
			);
			defaultConfigurationIsVisible = 0;
			defaultConfigurationName = Release;
		};
		3E00D4CA2AB366F20024DA16 /* Build configuration list for PBXNativeTarget "UTOGETHERUITests" */ = {
			isa = XCConfigurationList;
			buildConfigurations = (
				3E00D4CB2AB366F20024DA16 /* Debug */,
				3E00D4CC2AB366F20024DA16 /* Release */,
			);
			defaultConfigurationIsVisible = 0;
			defaultConfigurationName = Release;
		};
/* End XCConfigurationList section */
	};
	rootObject = 3E00D4982AB366F10024DA16 /* Project object */;
}
